
Microsoft Visual Studio Solution File, Format Version 12.00
# Visual Studio Version 16
VisualStudioVersion = 16.0.30517.126
MinimumVisualStudioVersion = 10.0.40219.1
Project("{FAE04EC0-301F-11D3-BF4B-00C04F79EFBC}") = "DataStructures", "DataStructures.csproj", "{5E58C33E-D239-419B-A71E-ABB5EB8C51D7}"
EndProject
Project("{FAE04EC0-301F-11D3-BF4B-00C04F79EFBC}") = "ConsoleApp4", "..\ConsoleApp4\ConsoleApp4.csproj", "{7AC4B8AE-901A-4C31-8BCA-93941CE7D1CB}"
EndProject
Global
	GlobalSection(SolutionConfigurationPlatforms) = preSolution
		Debug|Any CPU = Debug|Any CPU
		Release|Any CPU = Release|Any CPU
	EndGlobalSection
	GlobalSection(ProjectConfigurationPlatforms) = postSolution
		{5E58C33E-D239-419B-A71E-ABB5EB8C51D7}.Debug|Any CPU.ActiveCfg = Debug|Any CPU
		{5E58C33E-D239-419B-A71E-ABB5EB8C51D7}.Debug|Any CPU.Build.0 = Debug|Any CPU
		{5E58C33E-D239-419B-A71E-ABB5EB8C51D7}.Release|Any CPU.ActiveCfg = Release|Any CPU
		{5E58C33E-D239-419B-A71E-ABB5EB8C51D7}.Release|Any CPU.Build.0 = Release|Any CPU
		{7AC4B8AE-901A-4C31-8BCA-93941CE7D1CB}.Debug|Any CPU.ActiveCfg = Debug|Any CPU
		{7AC4B8AE-901A-4C31-8BCA-93941CE7D1CB}.Debug|Any CPU.Build.0 = Debug|Any CPU
		{7AC4B8AE-901A-4C31-8BCA-93941CE7D1CB}.Release|Any CPU.ActiveCfg = Release|Any CPU
		{7AC4B8AE-901A-4C31-8BCA-93941CE7D1CB}.Release|Any CPU.Build.0 = Release|Any CPU
	EndGlobalSection
	GlobalSection(SolutionProperties) = preSolution
		HideSolutionNode = FALSE
	EndGlobalSection
	GlobalSection(ExtensibilityGlobals) = postSolution
		SolutionGuid = {F2C3D4C9-C9D7-4EF5-B9EF-C0F13E3BEFDC}
	EndGlobalSection
EndGlobal
